
Microsoft Visual Studio Solution File, Format Version 12.00
# Visual Studio Version 17
VisualStudioVersion = 17.0.31903.59
MinimumVisualStudioVersion = 10.0.40219.1
Project("{FAE04EC0-301F-11D3-BF4B-00C04F79EFBC}") = "Module-2-2", "src\Module-2-2\Module-2-2.csproj", "{655F3C32-331D-46F7-82EF-73274CB0FA5E}"
EndProject
Global
	GlobalSection(SolutionConfigurationPlatforms) = preSolution
		Debug|Any CPU = Debug|Any CPU
		Release|Any CPU = Release|Any CPU
	EndGlobalSection
	GlobalSection(SolutionProperties) = preSolution
		HideSolutionNode = FALSE
	EndGlobalSection
	GlobalSection(ProjectConfigurationPlatforms) = postSolution
		{655F3C32-331D-46F7-82EF-73274CB0FA5E}.Debug|Any CPU.ActiveCfg = Debug|Any CPU
		{655F3C32-331D-46F7-82EF-73274CB0FA5E}.Debug|Any CPU.Build.0 = Debug|Any CPU
		{655F3C32-331D-46F7-82EF-73274CB0FA5E}.Release|Any CPU.ActiveCfg = Release|Any CPU
		{655F3C32-331D-46F7-82EF-73274CB0FA5E}.Release|Any CPU.Build.0 = Release|Any CPU
	EndGlobalSection
EndGlobal
